Microsoft Visual Studio Solution File, Format Version 11.00
# Visual Studio 2008

Project("{8D91E5DB-0EBF-91B9-D9CF-0961B84D1153}") = "closingSlackBall015gitDep", "Assembly-CSharp-firstpass.csproj", "{A1BB8932-5697-2613-DEA8-813F0796C4AF}"
EndProject
Project("{8D91E5DB-0EBF-91B9-D9CF-0961B84D1153}") = "closingSlackBall015gitDep", "Assembly-CSharp.csproj", "{AF158933-AA71-E4C1-03EF-BCC1FC3973BE}"
EndProject
Project("{8D91E5DB-0EBF-91B9-D9CF-0961B84D1153}") = "closingSlackBall015gitDep", "Assembly-CSharp-Editor.csproj", "{80E0CD19-AE0D-0776-9DF4-50328D4C45B6}"
EndProject
Global
	GlobalSection(SolutionConfigurationPlatforms) = preSolution
		Debug|Any CPU = Debug|Any CPU
		Release|Any CPU = Release|Any CPU
	EndGlobalSection
	GlobalSection(ProjectConfigurationPlatforms) = postSolution
		{A1BB8932-5697-2613-DEA8-813F0796C4AF}.Debug|Any CPU.ActiveCfg = Debug|Any CPU
		{A1BB8932-5697-2613-DEA8-813F0796C4AF}.Debug|Any CPU.Build.0 = Debug|Any CPU
		{A1BB8932-5697-2613-DEA8-813F0796C4AF}.Release|Any CPU.ActiveCfg = Release|Any CPU
		{A1BB8932-5697-2613-DEA8-813F0796C4AF}.Release|Any CPU.Build.0 = Release|Any CPU
		{AF158933-AA71-E4C1-03EF-BCC1FC3973BE}.Debug|Any CPU.ActiveCfg = Debug|Any CPU
		{AF158933-AA71-E4C1-03EF-BCC1FC3973BE}.Debug|Any CPU.Build.0 = Debug|Any CPU
		{AF158933-AA71-E4C1-03EF-BCC1FC3973BE}.Release|Any CPU.ActiveCfg = Release|Any CPU
		{AF158933-AA71-E4C1-03EF-BCC1FC3973BE}.Release|Any CPU.Build.0 = Release|Any CPU
		{80E0CD19-AE0D-0776-9DF4-50328D4C45B6}.Debug|Any CPU.ActiveCfg = Debug|Any CPU
		{80E0CD19-AE0D-0776-9DF4-50328D4C45B6}.Debug|Any CPU.Build.0 = Debug|Any CPU
		{80E0CD19-AE0D-0776-9DF4-50328D4C45B6}.Release|Any CPU.ActiveCfg = Release|Any CPU
		{80E0CD19-AE0D-0776-9DF4-50328D4C45B6}.Release|Any CPU.Build.0 = Release|Any CPU
	EndGlobalSection
	GlobalSection(SolutionProperties) = preSolution
		HideSolutionNode = FALSE
	EndGlobalSection
	GlobalSection(MonoDevelopProperties) = preSolution
		StartupItem = Assembly-CSharp.csproj
	EndGlobalSection
EndGlobal
