Microsoft Visual Studio Solution File, Format Version 11.00
# Visual Studio 2008

Project("{7299C69A-66DD-F96C-B203-83AF0AC907F7}") = "closingSlackBall004", "Assembly-CSharp.csproj", "{2768D9F2-842D-C860-D3E7-BF681774B10C}"
EndProject
Project("{7299C69A-66DD-F96C-B203-83AF0AC907F7}") = "closingSlackBall004", "Assembly-CSharp-Editor.csproj", "{9F7EAE35-6CF4-52F4-659B-DB7399C575CC}"
EndProject
Global
	GlobalSection(SolutionConfigurationPlatforms) = preSolution
		Debug|Any CPU = Debug|Any CPU
		Release|Any CPU = Release|Any CPU
	EndGlobalSection
	GlobalSection(ProjectConfigurationPlatforms) = postSolution
		{2768D9F2-842D-C860-D3E7-BF681774B10C}.Debug|Any CPU.ActiveCfg = Debug|Any CPU
		{2768D9F2-842D-C860-D3E7-BF681774B10C}.Debug|Any CPU.Build.0 = Debug|Any CPU
		{2768D9F2-842D-C860-D3E7-BF681774B10C}.Release|Any CPU.ActiveCfg = Release|Any CPU
		{2768D9F2-842D-C860-D3E7-BF681774B10C}.Release|Any CPU.Build.0 = Release|Any CPU
		{9F7EAE35-6CF4-52F4-659B-DB7399C575CC}.Debug|Any CPU.ActiveCfg = Debug|Any CPU
		{9F7EAE35-6CF4-52F4-659B-DB7399C575CC}.Debug|Any CPU.Build.0 = Debug|Any CPU
		{9F7EAE35-6CF4-52F4-659B-DB7399C575CC}.Release|Any CPU.ActiveCfg = Release|Any CPU
		{9F7EAE35-6CF4-52F4-659B-DB7399C575CC}.Release|Any CPU.Build.0 = Release|Any CPU
	EndGlobalSection
	GlobalSection(SolutionProperties) = preSolution
		HideSolutionNode = FALSE
	EndGlobalSection
	GlobalSection(MonoDevelopProperties) = preSolution
		StartupItem = Assembly-CSharp.csproj
	EndGlobalSection
EndGlobal
