Microsoft Visual Studio Solution File, Format Version 11.00
# Visual Studio 2008

Project("{80E38B6F-98F1-69F2-24F4-2FA081B3F6A7}") = "projectToFix001", "Assembly-CSharp.csproj", "{F76C341E-17A5-1755-AFE9-9CA2B34A417D}"
EndProject
Project("{80E38B6F-98F1-69F2-24F4-2FA081B3F6A7}") = "projectToFix001", "Assembly-CSharp-Editor.csproj", "{6F1A63EC-2BFA-3354-6256-A98B9AAB02F9}"
EndProject
Global
	GlobalSection(SolutionConfigurationPlatforms) = preSolution
		Debug|Any CPU = Debug|Any CPU
		Release|Any CPU = Release|Any CPU
	EndGlobalSection
	GlobalSection(ProjectConfigurationPlatforms) = postSolution
		{F76C341E-17A5-1755-AFE9-9CA2B34A417D}.Debug|Any CPU.ActiveCfg = Debug|Any CPU
		{F76C341E-17A5-1755-AFE9-9CA2B34A417D}.Debug|Any CPU.Build.0 = Debug|Any CPU
		{F76C341E-17A5-1755-AFE9-9CA2B34A417D}.Release|Any CPU.ActiveCfg = Release|Any CPU
		{F76C341E-17A5-1755-AFE9-9CA2B34A417D}.Release|Any CPU.Build.0 = Release|Any CPU
		{6F1A63EC-2BFA-3354-6256-A98B9AAB02F9}.Debug|Any CPU.ActiveCfg = Debug|Any CPU
		{6F1A63EC-2BFA-3354-6256-A98B9AAB02F9}.Debug|Any CPU.Build.0 = Debug|Any CPU
		{6F1A63EC-2BFA-3354-6256-A98B9AAB02F9}.Release|Any CPU.ActiveCfg = Release|Any CPU
		{6F1A63EC-2BFA-3354-6256-A98B9AAB02F9}.Release|Any CPU.Build.0 = Release|Any CPU
	EndGlobalSection
	GlobalSection(SolutionProperties) = preSolution
		HideSolutionNode = FALSE
	EndGlobalSection
	GlobalSection(MonoDevelopProperties) = preSolution
		StartupItem = Assembly-CSharp.csproj
	EndGlobalSection
EndGlobal
